
Microsoft Visual Studio Solution File, Format Version 12.00
# Visual Studio Version 17
VisualStudioVersion = 17.14.36623.8 d17.14
MinimumVisualStudioVersion = 10.0.40219.1
Project("{8BC9CEB8-8B4A-11D0-8D11-00A0C91BC942}") = "Lab9p2", "Lab9p2\Lab9p2.vcxproj", "{B952251C-49E0-4C15-868A-21AE4549DC26}"
EndProject
Global
	GlobalSection(SolutionConfigurationPlatforms) = preSolution
		Debug|x64 = Debug|x64
		Debug|x86 = Debug|x86
		Release|x64 = Release|x64
		Release|x86 = Release|x86
	EndGlobalSection
	GlobalSection(ProjectConfigurationPlatforms) = postSolution
		{B952251C-49E0-4C15-868A-21AE4549DC26}.Debug|x64.ActiveCfg = Debug|x64
		{B952251C-49E0-4C15-868A-21AE4549DC26}.Debug|x64.Build.0 = Debug|x64
		{B952251C-49E0-4C15-868A-21AE4549DC26}.Debug|x86.ActiveCfg = Debug|Win32
		{B952251C-49E0-4C15-868A-21AE4549DC26}.Debug|x86.Build.0 = Debug|Win32
		{B952251C-49E0-4C15-868A-21AE4549DC26}.Release|x64.ActiveCfg = Release|x64
		{B952251C-49E0-4C15-868A-21AE4549DC26}.Release|x64.Build.0 = Release|x64
		{B952251C-49E0-4C15-868A-21AE4549DC26}.Release|x86.ActiveCfg = Release|Win32
		{B952251C-49E0-4C15-868A-21AE4549DC26}.Release|x86.Build.0 = Release|Win32
	EndGlobalSection
	GlobalSection(SolutionProperties) = preSolution
		HideSolutionNode = FALSE
	EndGlobalSection
	GlobalSection(ExtensibilityGlobals) = postSolution
		SolutionGuid = {593C2825-8C40-46E7-8375-C20338554EC1}
	EndGlobalSection
EndGlobal
